
Microsoft Visual Studio Solution File, Format Version 12.00
# Visual Studio Version 16
VisualStudioVersion = 16.0.29905.134
MinimumVisualStudioVersion = 10.0.40219.1
Project("{FAE04EC0-301F-11D3-BF4B-00C04F79EFBC}") = "RPSLS", "RPSLS\RPSLS.csproj", "{76207DE4-659D-4B6A-8A5C-D15AC0E0154C}"
EndProject
Global
	GlobalSection(SolutionConfigurationPlatforms) = preSolution
		Debug|Any CPU = Debug|Any CPU
		Release|Any CPU = Release|Any CPU
	EndGlobalSection
	GlobalSection(ProjectConfigurationPlatforms) = postSolution
		{76207DE4-659D-4B6A-8A5C-D15AC0E0154C}.Debug|Any CPU.ActiveCfg = Debug|Any CPU
		{76207DE4-659D-4B6A-8A5C-D15AC0E0154C}.Debug|Any CPU.Build.0 = Debug|Any CPU
		{76207DE4-659D-4B6A-8A5C-D15AC0E0154C}.Release|Any CPU.ActiveCfg = Release|Any CPU
		{76207DE4-659D-4B6A-8A5C-D15AC0E0154C}.Release|Any CPU.Build.0 = Release|Any CPU
	EndGlobalSection
	GlobalSection(SolutionProperties) = preSolution
		HideSolutionNode = FALSE
	EndGlobalSection
	GlobalSection(ExtensibilityGlobals) = postSolution
		SolutionGuid = {14C059C8-8EB8-4DAF-A2A0-72F78F204486}
	EndGlobalSection
EndGlobal
